
Microsoft Visual Studio Solution File, Format Version 12.00
# Visual Studio 14
VisualStudioVersion = 14.0.23107.0
MinimumVisualStudioVersion = 10.0.40219.1
Project("{2150E333-8FDC-42A3-9474-1A3956D46DE8}") = "Data", "Data", "{90FF88C8-6F48-4625-A6A1-56498BE04C4C}"
EndProject
Project("{2150E333-8FDC-42A3-9474-1A3956D46DE8}") = "Model", "Model", "{941E3B1C-DBEC-47E8-8FFA-F08952FA2CE9}"
EndProject
Project("{2150E333-8FDC-42A3-9474-1A3956D46DE8}") = "Tests", "Tests", "{272BE45D-6AEA-4C6C-B644-610E83923736}"
EndProject
Project("{2150E333-8FDC-42A3-9474-1A3956D46DE8}") = "Services", "Services", "{138FD891-7FA7-46F1-A3BE-FE8F51CC3BE4}"
EndProject
Project("{FAE04EC0-301F-11D3-BF4B-00C04F79EFBC}") = "Model", "Model\Model.csproj", "{6962D4FA-B55D-4395-81D1-EEDC63F48DCC}"
EndProject
Project("{FAE04EC0-301F-11D3-BF4B-00C04F79EFBC}") = "Data", "Data\Data.csproj", "{D57EC018-8CAA-4976-A50E-60806FB6F434}"
EndProject
Project("{2150E333-8FDC-42A3-9474-1A3956D46DE8}") = "WebClient", "WebClient", "{ECD8F46C-6FBF-4139-9270-9253FD283746}"
EndProject
Project("{FAE04EC0-301F-11D3-BF4B-00C04F79EFBC}") = "Web", "Web\Web.csproj", "{2047A07A-82A9-4DCC-B65A-93A5110945B2}"
EndProject
Global
	GlobalSection(SolutionConfigurationPlatforms) = preSolution
		Debug|Any CPU = Debug|Any CPU
		Release|Any CPU = Release|Any CPU
	EndGlobalSection
	GlobalSection(ProjectConfigurationPlatforms) = postSolution
		{6962D4FA-B55D-4395-81D1-EEDC63F48DCC}.Debug|Any CPU.ActiveCfg = Debug|Any CPU
		{6962D4FA-B55D-4395-81D1-EEDC63F48DCC}.Debug|Any CPU.Build.0 = Debug|Any CPU
		{6962D4FA-B55D-4395-81D1-EEDC63F48DCC}.Release|Any CPU.ActiveCfg = Release|Any CPU
		{6962D4FA-B55D-4395-81D1-EEDC63F48DCC}.Release|Any CPU.Build.0 = Release|Any CPU
		{D57EC018-8CAA-4976-A50E-60806FB6F434}.Debug|Any CPU.ActiveCfg = Debug|Any CPU
		{D57EC018-8CAA-4976-A50E-60806FB6F434}.Debug|Any CPU.Build.0 = Debug|Any CPU
		{D57EC018-8CAA-4976-A50E-60806FB6F434}.Release|Any CPU.ActiveCfg = Release|Any CPU
		{D57EC018-8CAA-4976-A50E-60806FB6F434}.Release|Any CPU.Build.0 = Release|Any CPU
		{2047A07A-82A9-4DCC-B65A-93A5110945B2}.Debug|Any CPU.ActiveCfg = Debug|Any CPU
		{2047A07A-82A9-4DCC-B65A-93A5110945B2}.Debug|Any CPU.Build.0 = Debug|Any CPU
		{2047A07A-82A9-4DCC-B65A-93A5110945B2}.Release|Any CPU.ActiveCfg = Release|Any CPU
		{2047A07A-82A9-4DCC-B65A-93A5110945B2}.Release|Any CPU.Build.0 = Release|Any CPU
	EndGlobalSection
	GlobalSection(SolutionProperties) = preSolution
		HideSolutionNode = FALSE
	EndGlobalSection
	GlobalSection(NestedProjects) = preSolution
		{6962D4FA-B55D-4395-81D1-EEDC63F48DCC} = {941E3B1C-DBEC-47E8-8FFA-F08952FA2CE9}
		{D57EC018-8CAA-4976-A50E-60806FB6F434} = {90FF88C8-6F48-4625-A6A1-56498BE04C4C}
		{2047A07A-82A9-4DCC-B65A-93A5110945B2} = {ECD8F46C-6FBF-4139-9270-9253FD283746}
	EndGlobalSection
EndGlobal
