
Microsoft Visual Studio Solution File, Format Version 12.00
# Visual Studio 14
VisualStudioVersion = 14.0.23107.0
MinimumVisualStudioVersion = 10.0.40219.1
Project("{FAE04EC0-301F-11D3-BF4B-00C04F79EFBC}") = "02.Labyrinth", "02.Labyrinth\02.Labyrinth.csproj", "{9DF0A9A2-3798-4236-ACF2-195A95B57D65}"
EndProject
Project("{FAE04EC0-301F-11D3-BF4B-00C04F79EFBC}") = "04.RecoverMessage", "04.RecoverMessage\04.RecoverMessage.csproj", "{E8C0A13F-3589-4B08-90A4-A0B81E167C5E}"
EndProject
Project("{FAE04EC0-301F-11D3-BF4B-00C04F79EFBC}") = "01.Frames", "01.Frames\01.Frames.csproj", "{73F42FDB-B119-4B3A-A583-B006DDA61880}"
EndProject
Project("{FAE04EC0-301F-11D3-BF4B-00C04F79EFBC}") = "Labyrinth2", "Labyrinth2\Labyrinth2.csproj", "{DB4DEF9C-34C9-4B57-97F5-4E2F13578DDD}"
EndProject
Global
	GlobalSection(SolutionConfigurationPlatforms) = preSolution
		Debug|Any CPU = Debug|Any CPU
		Release|Any CPU = Release|Any CPU
	EndGlobalSection
	GlobalSection(ProjectConfigurationPlatforms) = postSolution
		{9DF0A9A2-3798-4236-ACF2-195A95B57D65}.Debug|Any CPU.ActiveCfg = Debug|Any CPU
		{9DF0A9A2-3798-4236-ACF2-195A95B57D65}.Debug|Any CPU.Build.0 = Debug|Any CPU
		{9DF0A9A2-3798-4236-ACF2-195A95B57D65}.Release|Any CPU.ActiveCfg = Release|Any CPU
		{9DF0A9A2-3798-4236-ACF2-195A95B57D65}.Release|Any CPU.Build.0 = Release|Any CPU
		{E8C0A13F-3589-4B08-90A4-A0B81E167C5E}.Debug|Any CPU.ActiveCfg = Debug|Any CPU
		{E8C0A13F-3589-4B08-90A4-A0B81E167C5E}.Debug|Any CPU.Build.0 = Debug|Any CPU
		{E8C0A13F-3589-4B08-90A4-A0B81E167C5E}.Release|Any CPU.ActiveCfg = Release|Any CPU
		{E8C0A13F-3589-4B08-90A4-A0B81E167C5E}.Release|Any CPU.Build.0 = Release|Any CPU
		{73F42FDB-B119-4B3A-A583-B006DDA61880}.Debug|Any CPU.ActiveCfg = Debug|Any CPU
		{73F42FDB-B119-4B3A-A583-B006DDA61880}.Debug|Any CPU.Build.0 = Debug|Any CPU
		{73F42FDB-B119-4B3A-A583-B006DDA61880}.Release|Any CPU.ActiveCfg = Release|Any CPU
		{73F42FDB-B119-4B3A-A583-B006DDA61880}.Release|Any CPU.Build.0 = Release|Any CPU
		{DB4DEF9C-34C9-4B57-97F5-4E2F13578DDD}.Debug|Any CPU.ActiveCfg = Debug|Any CPU
		{DB4DEF9C-34C9-4B57-97F5-4E2F13578DDD}.Debug|Any CPU.Build.0 = Debug|Any CPU
		{DB4DEF9C-34C9-4B57-97F5-4E2F13578DDD}.Release|Any CPU.ActiveCfg = Release|Any CPU
		{DB4DEF9C-34C9-4B57-97F5-4E2F13578DDD}.Release|Any CPU.Build.0 = Release|Any CPU
	EndGlobalSection
	GlobalSection(SolutionProperties) = preSolution
		HideSolutionNode = FALSE
	EndGlobalSection
EndGlobal
