
Microsoft Visual Studio Solution File, Format Version 12.00
# Visual Studio 14
VisualStudioVersion = 14.0.23107.0
MinimumVisualStudioVersion = 10.0.40219.1
Project("{FAE04EC0-301F-11D3-BF4B-00C04F79EFBC}") = "01.Elections", "ConsoleApplication1\01.Elections.csproj", "{59AFBD33-261C-4722-96A4-E55FD355479B}"
EndProject
Project("{FAE04EC0-301F-11D3-BF4B-00C04F79EFBC}") = "03.ShortestPath", "03.ShortestPath\03.ShortestPath.csproj", "{146142F1-A77C-4CD9-8E81-5F889547B131}"
EndProject
Global
	GlobalSection(SolutionConfigurationPlatforms) = preSolution
		Debug|Any CPU = Debug|Any CPU
		Release|Any CPU = Release|Any CPU
	EndGlobalSection
	GlobalSection(ProjectConfigurationPlatforms) = postSolution
		{59AFBD33-261C-4722-96A4-E55FD355479B}.Debug|Any CPU.ActiveCfg = Debug|Any CPU
		{59AFBD33-261C-4722-96A4-E55FD355479B}.Debug|Any CPU.Build.0 = Debug|Any CPU
		{59AFBD33-261C-4722-96A4-E55FD355479B}.Release|Any CPU.ActiveCfg = Release|Any CPU
		{59AFBD33-261C-4722-96A4-E55FD355479B}.Release|Any CPU.Build.0 = Release|Any CPU
		{146142F1-A77C-4CD9-8E81-5F889547B131}.Debug|Any CPU.ActiveCfg = Debug|Any CPU
		{146142F1-A77C-4CD9-8E81-5F889547B131}.Debug|Any CPU.Build.0 = Debug|Any CPU
		{146142F1-A77C-4CD9-8E81-5F889547B131}.Release|Any CPU.ActiveCfg = Release|Any CPU
		{146142F1-A77C-4CD9-8E81-5F889547B131}.Release|Any CPU.Build.0 = Release|Any CPU
	EndGlobalSection
	GlobalSection(SolutionProperties) = preSolution
		HideSolutionNode = FALSE
	EndGlobalSection
EndGlobal
